lockfileVersion: '9.0'

settings:
  autoInstallPeers: true
  excludeLinksFromLockfile: false

importers:

  .:
    devDependencies:
      json-schema-to-zod:
        specifier: ^2.6.1
        version: 2.8.1

packages:

  json-schema-to-zod@2.8.1:
    resolution: {integrity: sha512-fRr1mHgZ7hboLKBUdR428gd9dIHUFGivUqOeiDcSmyXkNZCtB1uGaZLvsjZ4GaN5pwBIs+TGIOf6s+Rp5/R/zA==}
    hasBin: true

snapshots:

  json-schema-to-zod@2.8.1: {}
